
Microsoft Visual Studio Solution File, Format Version 12.00
# Visual Studio Version 16
VisualStudioVersion = 16.0.31129.286
MinimumVisualStudioVersion = 10.0.40219.1
Project("{8BC9CEB8-8B4A-11D0-8D11-00A0C91BC942}") = "fx-CG50FirstPerson", "fx-CG50FirstPerson.vcxproj", "{1835C255-BF09-4B1A-82E5-19A206758469}"
EndProject
Project("{8BC9CEB8-8B4A-11D0-8D11-00A0C91BC942}") = "WinTestbed", "WinTestbed\WinTestbed.vcxproj", "{8A767964-CEBD-4F4E-9FEC-0BDD9E301672}"
EndProject
Project("{2150E333-8FDC-42A3-9474-1A3956D46DE8}") = "Solution Items", "Solution Items", "{A46ABFD1-AFB3-442E-9DFE-8FBF3954036A}"
	ProjectSection(SolutionItems) = preProject
		.gitattributes = .gitattributes
		.gitignore = .gitignore
		fx-CG50FirstPerson.bin = fx-CG50FirstPerson.bin
		fx-CG50FirstPerson.g3a = fx-CG50FirstPerson.g3a
		Makefile = Makefile
	EndProjectSection
EndProject
Global
	GlobalSection(SolutionConfigurationPlatforms) = preSolution
		Debug|fx-CG50 = Debug|fx-CG50
		Debug|x64 = Debug|x64
		Debug|x86 = Debug|x86
		Normal|fx-CG50 = Normal|fx-CG50
		Normal|x64 = Normal|x64
		Normal|x86 = Normal|x86
		Release|fx-CG50 = Release|fx-CG50
		Release|x64 = Release|x64
		Release|x86 = Release|x86
	EndGlobalSection
	GlobalSection(ProjectConfigurationPlatforms) = postSolution
		{1835C255-BF09-4B1A-82E5-19A206758469}.Debug|fx-CG50.ActiveCfg = Normal|Win32
		{1835C255-BF09-4B1A-82E5-19A206758469}.Debug|fx-CG50.Build.0 = Normal|Win32
		{1835C255-BF09-4B1A-82E5-19A206758469}.Debug|x64.ActiveCfg = Normal|Win32
		{1835C255-BF09-4B1A-82E5-19A206758469}.Debug|x64.Build.0 = Normal|Win32
		{1835C255-BF09-4B1A-82E5-19A206758469}.Debug|x86.ActiveCfg = Normal|Win32
		{1835C255-BF09-4B1A-82E5-19A206758469}.Debug|x86.Build.0 = Normal|Win32
		{1835C255-BF09-4B1A-82E5-19A206758469}.Normal|fx-CG50.ActiveCfg = Normal|Win32
		{1835C255-BF09-4B1A-82E5-19A206758469}.Normal|fx-CG50.Build.0 = Normal|Win32
		{1835C255-BF09-4B1A-82E5-19A206758469}.Normal|x64.ActiveCfg = Normal|Win32
		{1835C255-BF09-4B1A-82E5-19A206758469}.Normal|x86.ActiveCfg = Normal|Win32
		{1835C255-BF09-4B1A-82E5-19A206758469}.Normal|x86.Build.0 = Normal|Win32
		{1835C255-BF09-4B1A-82E5-19A206758469}.Release|fx-CG50.ActiveCfg = Normal|Win32
		{1835C255-BF09-4B1A-82E5-19A206758469}.Release|fx-CG50.Build.0 = Normal|Win32
		{1835C255-BF09-4B1A-82E5-19A206758469}.Release|x64.ActiveCfg = Normal|Win32
		{1835C255-BF09-4B1A-82E5-19A206758469}.Release|x64.Build.0 = Normal|Win32
		{1835C255-BF09-4B1A-82E5-19A206758469}.Release|x86.ActiveCfg = Normal|Win32
		{1835C255-BF09-4B1A-82E5-19A206758469}.Release|x86.Build.0 = Normal|Win32
		{8A767964-CEBD-4F4E-9FEC-0BDD9E301672}.Debug|fx-CG50.ActiveCfg = Debug|Win32
		{8A767964-CEBD-4F4E-9FEC-0BDD9E301672}.Debug|x64.ActiveCfg = Debug|x64
		{8A767964-CEBD-4F4E-9FEC-0BDD9E301672}.Debug|x64.Build.0 = Debug|x64
		{8A767964-CEBD-4F4E-9FEC-0BDD9E301672}.Debug|x86.ActiveCfg = Debug|Win32
		{8A767964-CEBD-4F4E-9FEC-0BDD9E301672}.Debug|x86.Build.0 = Debug|Win32
		{8A767964-CEBD-4F4E-9FEC-0BDD9E301672}.Normal|fx-CG50.ActiveCfg = Debug|Win32
		{8A767964-CEBD-4F4E-9FEC-0BDD9E301672}.Normal|fx-CG50.Build.0 = Debug|Win32
		{8A767964-CEBD-4F4E-9FEC-0BDD9E301672}.Normal|x64.ActiveCfg = Debug|x64
		{8A767964-CEBD-4F4E-9FEC-0BDD9E301672}.Normal|x64.Build.0 = Debug|x64
		{8A767964-CEBD-4F4E-9FEC-0BDD9E301672}.Normal|x86.ActiveCfg = Debug|Win32
		{8A767964-CEBD-4F4E-9FEC-0BDD9E301672}.Normal|x86.Build.0 = Debug|Win32
		{8A767964-CEBD-4F4E-9FEC-0BDD9E301672}.Release|fx-CG50.ActiveCfg = Release|Win32
		{8A767964-CEBD-4F4E-9FEC-0BDD9E301672}.Release|x64.ActiveCfg = Release|x64
		{8A767964-CEBD-4F4E-9FEC-0BDD9E301672}.Release|x64.Build.0 = Release|x64
		{8A767964-CEBD-4F4E-9FEC-0BDD9E301672}.Release|x86.ActiveCfg = Release|Win32
		{8A767964-CEBD-4F4E-9FEC-0BDD9E301672}.Release|x86.Build.0 = Release|Win32
	EndGlobalSection
	GlobalSection(SolutionProperties) = preSolution
		HideSolutionNode = FALSE
	EndGlobalSection
	GlobalSection(ExtensibilityGlobals) = postSolution
		SolutionGuid = {F5C5D80A-BB26-4BBF-98A2-519183D13E97}
	EndGlobalSection
EndGlobal
